# THIS IS AN AUTOGENERATED FILE. DO NOT EDIT THIS FILE DIRECTLY.
# yarn lockfile v1


"@emotion/is-prop-valid@1.2.1":
  version "1.2.1"
  resolved "https://registry.yarnpkg.com/@emotion/is-prop-valid/-/is-prop-valid-1.2.1.tgz#23116cf1ed18bfeac910ec6436561ecb1a3885cc"
  integrity sha512-61Mf7Ufx4aDxx1xlDeOm8aFFigGHE4z+0sKCa+IHCeZKiyP9RLD0Mmx7m8b9/Cf37f7NAvQOOJAbQQGVr5uERw==
  dependencies:
    "@emotion/memoize" "^0.8.1"

"@emotion/memoize@^0.8.1":
  version "0.8.1"
  resolved "https://registry.yarnpkg.com/@emotion/memoize/-/memoize-0.8.1.tgz#c1ddb040429c6d21d38cc945fe75c818cfb68e17"
  integrity sha512-W2P2c/VRW1/1tLox0mVUalvnWXxavmv/Oum2aPsRcoDJuob75FC3Y8FbpfLwUegRcxINtGUMPq0tFCvYNTBXNA==

"@emotion/unitless@0.8.0":
  version "0.8.0"
  resolved "https://registry.yarnpkg.com/@emotion/unitless/-/unitless-0.8.0.tgz#a4a36e9cbdc6903737cd20d38033241e1b8833db"
  integrity sha512-VINS5vEYAscRl2ZUDiT3uMPlrFQupiKgHz5AA4bCH1miKBg4qtwkim1qPmJj/4WG6TreYMY111rEFsjupcOKHw==

"@esbuild/aix-ppc64@0.19.12":
  version "0.19.12"
  resolved "https://registry.yarnpkg.com/@esbuild/aix-ppc64/-/aix-ppc64-0.19.12.tgz#d1bc06aedb6936b3b6d313bf809a5a40387d2b7f"
  integrity sha512-bmoCYyWdEL3wDQIVbcyzRyeKLgk2WtWLTWz1ZIAZF/EGbNOwSA6ew3PftJ1PqMiOOGu0OyFMzG53L0zqIpPeNA==

"@esbuild/android-arm64@0.19.12":
  version "0.19.12"
  resolved "https://registry.yarnpkg.com/@esbuild/android-arm64/-/android-arm64-0.19.12.tgz#7ad65a36cfdb7e0d429c353e00f680d737c2aed4"
  integrity sha512-P0UVNGIienjZv3f5zq0DP3Nt2IE/3plFzuaS96vihvD0Hd6H/q4WXUGpCxD/E8YrSXfNyRPbpTq+T8ZQioSuPA==

"@esbuild/android-arm@0.19.12":
  version "0.19.12"
  resolved "https://registry.yarnpkg.com/@esbuild/android-arm/-/android-arm-0.19.12.tgz#b0c26536f37776162ca8bde25e42040c203f2824"
  integrity sha512-qg/Lj1mu3CdQlDEEiWrlC4eaPZ1KztwGJ9B6J+/6G+/4ewxJg7gqj8eVYWvao1bXrqGiW2rsBZFSX3q2lcW05w==

"@esbuild/android-x64@0.19.12":
  version "0.19.12"
  resolved "https://registry.yarnpkg.com/@esbuild/android-x64/-/android-x64-0.19.12.tgz#cb13e2211282012194d89bf3bfe7721273473b3d"
  integrity sha512-3k7ZoUW6Q6YqhdhIaq/WZ7HwBpnFBlW905Fa4s4qWJyiNOgT1dOqDiVAQFwBH7gBRZr17gLrlFCRzF6jFh7Kew==

"@esbuild/darwin-arm64@0.19.12":
  version "0.19.12"
  resolved "https://registry.yarnpkg.com/@esbuild/darwin-arm64/-/darwin-arm64-0.19.12.tgz#cbee41e988020d4b516e9d9e44dd29200996275e"
  integrity sha512-B6IeSgZgtEzGC42jsI+YYu9Z3HKRxp8ZT3cqhvliEHovq8HSX2YX8lNocDn79gCKJXOSaEot9MVYky7AKjCs8g==

"@esbuild/darwin-x64@0.19.12":
  version "0.19.12"
  resolved "https://registry.yarnpkg.com/@esbuild/darwin-x64/-/darwin-x64-0.19.12.tgz#e37d9633246d52aecf491ee916ece709f9d5f4cd"
  integrity sha512-hKoVkKzFiToTgn+41qGhsUJXFlIjxI/jSYeZf3ugemDYZldIXIxhvwN6erJGlX4t5h417iFuheZ7l+YVn05N3A==

"@esbuild/freebsd-arm64@0.19.12":
  version "0.19.12"
  resolved "https://registry.yarnpkg.com/@esbuild/freebsd-arm64/-/freebsd-arm64-0.19.12.tgz#1ee4d8b682ed363b08af74d1ea2b2b4dbba76487"
  integrity sha512-4aRvFIXmwAcDBw9AueDQ2YnGmz5L6obe5kmPT8Vd+/+x/JMVKCgdcRwH6APrbpNXsPz+K653Qg8HB/oXvXVukA==

"@esbuild/freebsd-x64@0.19.12":
  version "0.19.12"
  resolved "https://registry.yarnpkg.com/@esbuild/freebsd-x64/-/freebsd-x64-0.19.12.tgz#37a693553d42ff77cd7126764b535fb6cc28a11c"
  integrity sha512-EYoXZ4d8xtBoVN7CEwWY2IN4ho76xjYXqSXMNccFSx2lgqOG/1TBPW0yPx1bJZk94qu3tX0fycJeeQsKovA8gg==

"@esbuild/linux-arm64@0.19.12":
  version "0.19.12"
  resolved "https://registry.yarnpkg.com/@esbuild/linux-arm64/-/linux-arm64-0.19.12.tgz#be9b145985ec6c57470e0e051d887b09dddb2d4b"
  integrity sha512-EoTjyYyLuVPfdPLsGVVVC8a0p1BFFvtpQDB/YLEhaXyf/5bczaGeN15QkR+O4S5LeJ92Tqotve7i1jn35qwvdA==

"@esbuild/linux-arm@0.19.12":
  version "0.19.12"
  resolved "https://registry.yarnpkg.com/@esbuild/linux-arm/-/linux-arm-0.19.12.tgz#207ecd982a8db95f7b5279207d0ff2331acf5eef"
  integrity sha512-J5jPms//KhSNv+LO1S1TX1UWp1ucM6N6XuL6ITdKWElCu8wXP72l9MM0zDTzzeikVyqFE6U8YAV9/tFyj0ti+w==

"@esbuild/linux-ia32@0.19.12":
  version "0.19.12"
  resolved "https://registry.yarnpkg.com/@esbuild/linux-ia32/-/linux-ia32-0.19.12.tgz#d0d86b5ca1562523dc284a6723293a52d5860601"
  integrity sha512-Thsa42rrP1+UIGaWz47uydHSBOgTUnwBwNq59khgIwktK6x60Hivfbux9iNR0eHCHzOLjLMLfUMLCypBkZXMHA==

"@esbuild/linux-loong64@0.19.12":
  version "0.19.12"
  resolved "https://registry.yarnpkg.com/@esbuild/linux-loong64/-/linux-loong64-0.19.12.tgz#9a37f87fec4b8408e682b528391fa22afd952299"
  integrity sha512-LiXdXA0s3IqRRjm6rV6XaWATScKAXjI4R4LoDlvO7+yQqFdlr1Bax62sRwkVvRIrwXxvtYEHHI4dm50jAXkuAA==

"@esbuild/linux-mips64el@0.19.12":
  version "0.19.12"
  resolved "https://registry.yarnpkg.com/@esbuild/linux-mips64el/-/linux-mips64el-0.19.12.tgz#4ddebd4e6eeba20b509d8e74c8e30d8ace0b89ec"
  integrity sha512-fEnAuj5VGTanfJ07ff0gOA6IPsvrVHLVb6Lyd1g2/ed67oU1eFzL0r9WL7ZzscD+/N6i3dWumGE1Un4f7Amf+w==

"@esbuild/linux-ppc64@0.19.12":
  version "0.19.12"
  resolved "https://registry.yarnpkg.com/@esbuild/linux-ppc64/-/linux-ppc64-0.19.12.tgz#adb67dadb73656849f63cd522f5ecb351dd8dee8"
  integrity sha512-nYJA2/QPimDQOh1rKWedNOe3Gfc8PabU7HT3iXWtNUbRzXS9+vgB0Fjaqr//XNbd82mCxHzik2qotuI89cfixg==

"@esbuild/linux-riscv64@0.19.12":
  version "0.19.12"
  resolved "https://registry.yarnpkg.com/@esbuild/linux-riscv64/-/linux-riscv64-0.19.12.tgz#11bc0698bf0a2abf8727f1c7ace2112612c15adf"
  integrity sha512-2MueBrlPQCw5dVJJpQdUYgeqIzDQgw3QtiAHUC4RBz9FXPrskyyU3VI1hw7C0BSKB9OduwSJ79FTCqtGMWqJHg==

"@esbuild/linux-s390x@0.19.12":
  version "0.19.12"
  resolved "https://registry.yarnpkg.com/@esbuild/linux-s390x/-/linux-s390x-0.19.12.tgz#e86fb8ffba7c5c92ba91fc3b27ed5a70196c3cc8"
  integrity sha512-+Pil1Nv3Umes4m3AZKqA2anfhJiVmNCYkPchwFJNEJN5QxmTs1uzyy4TvmDrCRNT2ApwSari7ZIgrPeUx4UZDg==

"@esbuild/linux-x64@0.19.12":
  version "0.19.12"
  resolved "https://registry.yarnpkg.com/@esbuild/linux-x64/-/linux-x64-0.19.12.tgz#5f37cfdc705aea687dfe5dfbec086a05acfe9c78"
  integrity sha512-B71g1QpxfwBvNrfyJdVDexenDIt1CiDN1TIXLbhOw0KhJzE78KIFGX6OJ9MrtC0oOqMWf+0xop4qEU8JrJTwCg==

"@esbuild/netbsd-x64@0.19.12":
  version "0.19.12"
  resolved "https://registry.yarnpkg.com/@esbuild/netbsd-x64/-/netbsd-x64-0.19.12.tgz#29da566a75324e0d0dd7e47519ba2f7ef168657b"
  integrity sha512-3ltjQ7n1owJgFbuC61Oj++XhtzmymoCihNFgT84UAmJnxJfm4sYCiSLTXZtE00VWYpPMYc+ZQmB6xbSdVh0JWA==

"@esbuild/openbsd-x64@0.19.12":
  version "0.19.12"
  resolved "https://registry.yarnpkg.com/@esbuild/openbsd-x64/-/openbsd-x64-0.19.12.tgz#306c0acbdb5a99c95be98bdd1d47c916e7dc3ff0"
  integrity sha512-RbrfTB9SWsr0kWmb9srfF+L933uMDdu9BIzdA7os2t0TXhCRjrQyCeOt6wVxr79CKD4c+p+YhCj31HBkYcXebw==

"@esbuild/sunos-x64@0.19.12":
  version "0.19.12"
  resolved "https://registry.yarnpkg.com/@esbuild/sunos-x64/-/sunos-x64-0.19.12.tgz#0933eaab9af8b9b2c930236f62aae3fc593faf30"
  integrity sha512-HKjJwRrW8uWtCQnQOz9qcU3mUZhTUQvi56Q8DPTLLB+DawoiQdjsYq+j+D3s9I8VFtDr+F9CjgXKKC4ss89IeA==

"@esbuild/win32-arm64@0.19.12":
  version "0.19.12"
  resolved "https://registry.yarnpkg.com/@esbuild/win32-arm64/-/win32-arm64-0.19.12.tgz#773bdbaa1971b36db2f6560088639ccd1e6773ae"
  integrity sha512-URgtR1dJnmGvX864pn1B2YUYNzjmXkuJOIqG2HdU62MVS4EHpU2946OZoTMnRUHklGtJdJZ33QfzdjGACXhn1A==

"@esbuild/win32-ia32@0.19.12":
  version "0.19.12"
  resolved "https://registry.yarnpkg.com/@esbuild/win32-ia32/-/win32-ia32-0.19.12.tgz#000516cad06354cc84a73f0943a4aa690ef6fd67"
  integrity sha512-+ZOE6pUkMOJfmxmBZElNOx72NKpIa/HFOMGzu8fqzQJ5kgf6aTGrcJaFsNiVMH4JKpMipyK+7k0n2UXN7a8YKQ==

"@esbuild/win32-x64@0.19.12":
  version "0.19.12"
  resolved "https://registry.yarnpkg.com/@esbuild/win32-x64/-/win32-x64-0.19.12.tgz#c57c8afbb4054a3ab8317591a0b7320360b444ae"
  integrity sha512-T1QyPSDCyMXaO3pzBkF96E8xMkiRYbUEZADd29SyPGabqxMViNoii+NcK7eWJAEoU6RZyEm5lVSIjTmcdoB9HA==

"@next/env@13.5.6":
  version "13.5.6"
  resolved "https://registry.yarnpkg.com/@next/env/-/env-13.5.6.tgz#c1148e2e1aa166614f05161ee8f77ded467062bc"
  integrity sha512-Yac/bV5sBGkkEXmAX5FWPS9Mmo2rthrOPRQQNfycJPkjUAUclomCPH7QFVCDQ4Mp2k2K1SSM6m0zrxYrOwtFQw==

"@next/env@14.1.4":
  version "14.1.4"
  resolved "https://registry.yarnpkg.com/@next/env/-/env-14.1.4.tgz#432e80651733fbd67230bf262aee28be65252674"
  integrity sha512-e7X7bbn3Z6DWnDi75UWn+REgAbLEqxI8Tq2pkFOFAMpWAWApz/YCUhtWMWn410h8Q2fYiYL7Yg5OlxMOCfFjJQ==

"@next/swc-darwin-arm64@13.5.6":
  version "13.5.6"
  resolved "https://registry.yarnpkg.com/@next/swc-darwin-arm64/-/swc-darwin-arm64-13.5.6.tgz#b15d139d8971360fca29be3bdd703c108c9a45fb"
  integrity sha512-5nvXMzKtZfvcu4BhtV0KH1oGv4XEW+B+jOfmBdpFI3C7FrB/MfujRpWYSBBO64+qbW8pkZiSyQv9eiwnn5VIQA==

"@next/swc-darwin-arm64@14.1.4":
  version "14.1.4"
  resolved "https://registry.yarnpkg.com/@next/swc-darwin-arm64/-/swc-darwin-arm64-14.1.4.tgz#a3bca0dc4393ac4cf3169bbf24df63441de66bb7"
  integrity sha512-ubmUkbmW65nIAOmoxT1IROZdmmJMmdYvXIe8211send9ZYJu+SqxSnJM4TrPj9wmL6g9Atvj0S/2cFmMSS99jg==

"@next/swc-darwin-x64@13.5.6":
  version "13.5.6"
  resolved "https://registry.yarnpkg.com/@next/swc-darwin-x64/-/swc-darwin-x64-13.5.6.tgz#9c72ee31cc356cb65ce6860b658d807ff39f1578"
  integrity sha512-6cgBfxg98oOCSr4BckWjLLgiVwlL3vlLj8hXg2b+nDgm4bC/qVXXLfpLB9FHdoDu4057hzywbxKvmYGmi7yUzA==

"@next/swc-darwin-x64@14.1.4":
  version "14.1.4"
  resolved "https://registry.yarnpkg.com/@next/swc-darwin-x64/-/swc-darwin-x64-14.1.4.tgz#ba3683d4e2d30099f3f2864dd7349a4d9f440140"
  integrity sha512-b0Xo1ELj3u7IkZWAKcJPJEhBop117U78l70nfoQGo4xUSvv0PJSTaV4U9xQBLvZlnjsYkc8RwQN1HoH/oQmLlQ==

"@next/swc-linux-arm64-gnu@13.5.6":
  version "13.5.6"
  resolved "https://registry.yarnpkg.com/@next/swc-linux-arm64-gnu/-/swc-linux-arm64-gnu-13.5.6.tgz#59f5f66155e85380ffa26ee3d95b687a770cfeab"
  integrity sha512-txagBbj1e1w47YQjcKgSU4rRVQ7uF29YpnlHV5xuVUsgCUf2FmyfJ3CPjZUvpIeXCJAoMCFAoGnbtX86BK7+sg==

"@next/swc-linux-arm64-gnu@14.1.4":
  version "14.1.4"
  resolved "https://registry.yarnpkg.com/@next/swc-linux-arm64-gnu/-/swc-linux-arm64-gnu-14.1.4.tgz#3519969293f16379954b7e196deb0c1eecbb2f8b"
  integrity sha512-457G0hcLrdYA/u1O2XkRMsDKId5VKe3uKPvrKVOyuARa6nXrdhJOOYU9hkKKyQTMru1B8qEP78IAhf/1XnVqKA==

"@next/swc-linux-arm64-musl@13.5.6":
  version "13.5.6"
  resolved "https://registry.yarnpkg.com/@next/swc-linux-arm64-musl/-/swc-linux-arm64-musl-13.5.6.tgz#f012518228017052736a87d69bae73e587c76ce2"
  integrity sha512-cGd+H8amifT86ZldVJtAKDxUqeFyLWW+v2NlBULnLAdWsiuuN8TuhVBt8ZNpCqcAuoruoSWynvMWixTFcroq+Q==

"@next/swc-linux-arm64-musl@14.1.4":
  version "14.1.4"
  resolved "https://registry.yarnpkg.com/@next/swc-linux-arm64-musl/-/swc-linux-arm64-musl-14.1.4.tgz#4bb3196bd402b3f84cf5373ff1021f547264d62f"
  integrity sha512-l/kMG+z6MB+fKA9KdtyprkTQ1ihlJcBh66cf0HvqGP+rXBbOXX0dpJatjZbHeunvEHoBBS69GYQG5ry78JMy3g==

"@next/swc-linux-x64-gnu@13.5.6":
  version "13.5.6"
  resolved "https://registry.yarnpkg.com/@next/swc-linux-x64-gnu/-/swc-linux-x64-gnu-13.5.6.tgz#339b867a7e9e7ee727a700b496b269033d820df4"
  integrity sha512-Mc2b4xiIWKXIhBy2NBTwOxGD3nHLmq4keFk+d4/WL5fMsB8XdJRdtUlL87SqVCTSaf1BRuQQf1HvXZcy+rq3Nw==

"@next/swc-linux-x64-gnu@14.1.4":
  version "14.1.4"
  resolved "https://registry.yarnpkg.com/@next/swc-linux-x64-gnu/-/swc-linux-x64-gnu-14.1.4.tgz#1b3372c98c83dcdab946cdb4ee06e068b8139ba3"
  integrity sha512-BapIFZ3ZRnvQ1uWbmqEGJuPT9cgLwvKtxhK/L2t4QYO7l+/DxXuIGjvp1x8rvfa/x1FFSsipERZK70pewbtJtw==

"@next/swc-linux-x64-musl@13.5.6":
  version "13.5.6"
  resolved "https://registry.yarnpkg.com/@next/swc-linux-x64-musl/-/swc-linux-x64-musl-13.5.6.tgz#ae0ae84d058df758675830bcf70ca1846f1028f2"
  integrity sha512-CFHvP9Qz98NruJiUnCe61O6GveKKHpJLloXbDSWRhqhkJdZD2zU5hG+gtVJR//tyW897izuHpM6Gtf6+sNgJPQ==

"@next/swc-linux-x64-musl@14.1.4":
  version "14.1.4"
  resolved "https://registry.yarnpkg.com/@next/swc-linux-x64-musl/-/swc-linux-x64-musl-14.1.4.tgz#8459088bdc872648ff78f121db596f2533df5808"
  integrity sha512-mqVxTwk4XuBl49qn2A5UmzFImoL1iLm0KQQwtdRJRKl21ylQwwGCxJtIYo2rbfkZHoSKlh/YgztY0qH3wG1xIg==

"@next/swc-win32-arm64-msvc@13.5.6":
  version "13.5.6"
  resolved "https://registry.yarnpkg.com/@next/swc-win32-arm64-msvc/-/swc-win32-arm64-msvc-13.5.6.tgz#a5cc0c16920485a929a17495064671374fdbc661"
  integrity sha512-aFv1ejfkbS7PUa1qVPwzDHjQWQtknzAZWGTKYIAaS4NMtBlk3VyA6AYn593pqNanlicewqyl2jUhQAaFV/qXsg==

"@next/swc-win32-arm64-msvc@14.1.4":
  version "14.1.4"
  resolved "https://registry.yarnpkg.com/@next/swc-win32-arm64-msvc/-/swc-win32-arm64-msvc-14.1.4.tgz#84280a08c00cc3be24ddd3a12f4617b108e6dea6"
  integrity sha512-xzxF4ErcumXjO2Pvg/wVGrtr9QQJLk3IyQX1ddAC/fi6/5jZCZ9xpuL9Tzc4KPWMFq8GGWFVDMshZOdHGdkvag==

"@next/swc-win32-ia32-msvc@13.5.6":
  version "13.5.6"
  resolved "https://registry.yarnpkg.com/@next/swc-win32-ia32-msvc/-/swc-win32-ia32-msvc-13.5.6.tgz#6a2409b84a2cbf34bf92fe714896455efb4191e4"
  integrity sha512-XqqpHgEIlBHvzwG8sp/JXMFkLAfGLqkbVsyN+/Ih1mR8INb6YCc2x/Mbwi6hsAgUnqQztz8cvEbHJUbSl7RHDg==

"@next/swc-win32-ia32-msvc@14.1.4":
  version "14.1.4"
  resolved "https://registry.yarnpkg.com/@next/swc-win32-ia32-msvc/-/swc-win32-ia32-msvc-14.1.4.tgz#23ff7f4bd0a27177428669ef6fa5c3923c738031"
  integrity sha512-WZiz8OdbkpRw6/IU/lredZWKKZopUMhcI2F+XiMAcPja0uZYdMTZQRoQ0WZcvinn9xZAidimE7tN9W5v9Yyfyw==

"@next/swc-win32-x64-msvc@13.5.6":
  version "13.5.6"
  resolved "https://registry.yarnpkg.com/@next/swc-win32-x64-msvc/-/swc-win32-x64-msvc-13.5.6.tgz#4a3e2a206251abc729339ba85f60bc0433c2865d"
  integrity sha512-Cqfe1YmOS7k+5mGu92nl5ULkzpKuxJrP3+4AEuPmrpFZ3BHxTY3TnHmU1On3bFmFFs6FbTcdF58CCUProGpIGQ==

"@next/swc-win32-x64-msvc@14.1.4":
  version "14.1.4"
  resolved "https://registry.yarnpkg.com/@next/swc-win32-x64-msvc/-/swc-win32-x64-msvc-14.1.4.tgz#bccf5beccfde66d6c66fa4e2509118c796385eda"
  integrity sha512-4Rto21sPfw555sZ/XNLqfxDUNeLhNYGO2dlPqsnuCg8N8a2a9u1ltqBOPQ4vj1Gf7eJC0W2hHG2eYUHuiXgY2w==

"@swc/helpers@0.5.2":
  version "0.5.2"
  resolved "https://registry.yarnpkg.com/@swc/helpers/-/helpers-0.5.2.tgz#85ea0c76450b61ad7d10a37050289eded783c27d"
  integrity sha512-E4KcWTpoLHqwPHLxidpOqQbcrZVgi0rsmmZXUle1jXmJfuIf/UWpczUJ7MZZ5tlxytgJXyp0w4PGkkeLiuIdZw==
  dependencies:
    tslib "^2.4.0"

"@types/next@^9.0.0":
  version "9.0.0"
  resolved "https://registry.yarnpkg.com/@types/next/-/next-9.0.0.tgz#29aca06f8a5cfffc974a83b87e52ca57b2a506c4"
  integrity sha512-gnBXM8rP1mnCgT1uE2z8SnpFTKRWReJlhbZLZkOLq/CH1ifvTNwjIVtXvsywTy1dwVklf+y/MB0Eh6FOa94yrg==
  dependencies:
    next "*"

"@types/node@^20.11.30":
  version "20.11.30"
  resolved "https://registry.yarnpkg.com/@types/node/-/node-20.11.30.tgz#9c33467fc23167a347e73834f788f4b9f399d66f"
  integrity sha512-dHM6ZxwlmuZaRmUPfv1p+KrdD1Dci04FbdEm/9wEMouFqxYoFl5aMkt0VMAUtYRQDyYvD41WJLukhq/ha3YuTw==
  dependencies:
    undici-types "~5.26.4"

"@types/offscreencanvas@^2019.7.3":
  version "2019.7.3"
  resolved "https://registry.yarnpkg.com/@types/offscreencanvas/-/offscreencanvas-2019.7.3.tgz#90267db13f64d6e9ccb5ae3eac92786a7c77a516"
  integrity sha512-ieXiYmgSRXUDeOntE1InxjWyvEelZGP63M+cGuquuRLuIKKT1osnkXjxev9B7d1nXSug5vpunx+gNlbVxMlC9A==

"@types/prop-types@*":
  version "15.7.12"
  resolved "https://registry.yarnpkg.com/@types/prop-types/-/prop-types-15.7.12.tgz#12bb1e2be27293c1406acb6af1c3f3a1481d98c6"
  integrity sha512-5zvhXYtRNRluoE/jAp4GVsSduVUzNWKkOZrCDBWYtE7biZywwdC2AcEzg+cSMLFRfVgeAFqpfNabiPjxFddV1Q==

"@types/react-dom@^18.2.22":
  version "18.2.23"
  resolved "https://registry.yarnpkg.com/@types/react-dom/-/react-dom-18.2.23.tgz#112338760f622a16d64271b408355f2f27f6302c"
  integrity sha512-ZQ71wgGOTmDYpnav2knkjr3qXdAFu0vsk8Ci5w3pGAIdj7/kKAyn+VsQDhXsmzzzepAiI9leWMmubXz690AI/A==
  dependencies:
    "@types/react" "*"

"@types/react@*", "@types/react@^18.2.71":
  version "18.2.73"
  resolved "https://registry.yarnpkg.com/@types/react/-/react-18.2.73.tgz#0579548ad122660d99e00499d22e33b81e73ed94"
  integrity sha512-XcGdod0Jjv84HOC7N5ziY3x+qL0AfmubvKOZ9hJjJ2yd5EE+KYjWhdOjt387e9HPheHkdggF9atTifMRtyAaRA==
  dependencies:
    "@types/prop-types" "*"
    csstype "^3.0.2"

"@types/stylis@4.2.0":
  version "4.2.0"
  resolved "https://registry.yarnpkg.com/@types/stylis/-/stylis-4.2.0.tgz#199a3f473f0c3a6f6e4e1b17cdbc967f274bdc6b"
  integrity sha512-n4sx2bqL0mW1tvDf/loQ+aMX7GQD3lc3fkCMC55VFNDu/vBOabO+LTIeXKM14xK0ppk5TUGcWRjiSpIlUpghKw==

abbrev@1:
  version "1.1.1"
  resolved "https://registry.yarnpkg.com/abbrev/-/abbrev-1.1.1.tgz#f8f2c887ad10bf67f634f005b6987fed3179aac8"
  integrity sha512-nne9/IiQ/hzIhY6pdDnbBtz7DjPTKrY00P/zvPSm5pOFkl6xuGrGnXn/VtTNNfNtAfZ9/1RtehkszU9qcTii0Q==

anymatch@~3.1.2:
  version "3.1.3"
  resolved "https://registry.yarnpkg.com/anymatch/-/anymatch-3.1.3.tgz#790c58b19ba1720a84205b57c618d5ad8524973e"
  integrity sha512-KMReFUr0B4t+D+OBkjR3KYqvocp2XaSzO55UcB6mgQMd3KbcE+mWTyvVV7D/zsdEbNnV6acZUutkiHQXvTr1Rw==
  dependencies:
    normalize-path "^3.0.0"
    picomatch "^2.0.4"

balanced-match@^1.0.0:
  version "1.0.2"
  resolved "https://registry.yarnpkg.com/balanced-match/-/balanced-match-1.0.2.tgz#e83e3a7e3f300b34cb9d87f615fa0cbf357690ee"
  integrity sha512-3oSeUO0TMV67hN1AmbXsK4yaqU7tjiHlbxRDZOpH0KW9+CeX4bRAaX0Anxt0tx2MrpRpWwQaPwIlISEJhYU5Pw==

binary-extensions@^2.0.0:
  version "2.3.0"
  resolved "https://registry.yarnpkg.com/binary-extensions/-/binary-extensions-2.3.0.tgz#f6e14a97858d327252200242d4ccfe522c445522"
  integrity sha512-Ceh+7ox5qe7LJuLHoY0feh3pHuUDHAcRUeyL2VYghZwfpkNIy/+8Ocg0a3UuSoYzavmylwuLWQOf3hl0jjMMIw==

brace-expansion@^1.1.7:
  version "1.1.11"
  resolved "https://registry.yarnpkg.com/brace-expansion/-/brace-expansion-1.1.11.tgz#3c7fcbf529d87226f3d2f52b966ff5271eb441dd"
  integrity sha512-iCuPHDFgrHX7H2vEI/5xpz07zSHB00TpugqhmYtVmMO6518mCuRMoOYFldEBl0g187ufozdaHgWKcYFb61qGiA==
  dependencies:
    balanced-match "^1.0.0"
    concat-map "0.0.1"

braces@~3.0.2:
  version "3.0.2"
  resolved "https://registry.yarnpkg.com/braces/-/braces-3.0.2.tgz#3454e1a462ee8d599e236df336cd9ea4f8afe107"
  integrity sha512-b8um+L1RzM3WDSzvhm6gIz1yfTbBt6YTlcEKAvsmqCZZFw46z626lVj9j1yEPW33H5H+lBQpZMP1k8l+78Ha0A==
  dependencies:
    fill-range "^7.0.1"

busboy@1.6.0:
  version "1.6.0"
  resolved "https://registry.yarnpkg.com/busboy/-/busboy-1.6.0.tgz#966ea36a9502e43cdb9146962523b92f531f6893"
  integrity sha512-8SFQbg/0hQ9xy3UNTB0YEnsNBbWfhf7RtnzpL7TkBiTBRfrQ9Fxcnz7VJsleJpyp6rVLvXiuORqjlHi5q+PYuA==
  dependencies:
    streamsearch "^1.1.0"

camelize@^1.0.0:
  version "1.0.1"
  resolved "https://registry.yarnpkg.com/camelize/-/camelize-1.0.1.tgz#89b7e16884056331a35d6b5ad064332c91daa6c3"
  integrity sha512-dU+Tx2fsypxTgtLoE36npi3UqcjSSMNYfkqgmoEhtZrraP5VWq0K7FkWVTYa8eMPtnU/G2txVsfdCJTn9uzpuQ==

caniuse-lite@^1.0.30001406, caniuse-lite@^1.0.30001579:
  version "1.0.30001600"
  resolved "https://registry.yarnpkg.com/caniuse-lite/-/caniuse-lite-1.0.30001600.tgz#93a3ee17a35aa6a9f0c6ef1b2ab49507d1ab9079"
  integrity sha512-+2S9/2JFhYmYaDpZvo0lKkfvuKIglrx68MwOBqMGHhQsNkLjB5xtc/TGoEPs+MxjSyN/72qer2g97nzR641mOQ==

chokidar@^3.5.2:
  version "3.6.0"
  resolved "https://registry.yarnpkg.com/chokidar/-/chokidar-3.6.0.tgz#197c6cc669ef2a8dc5e7b4d97ee4e092c3eb0d5b"
  integrity sha512-7VT13fmjotKpGipCW9JEQAusEPE+Ei8nl6/g4FBAmIm0GOOLMua9NDDo/DWp0ZAxCr3cPq5ZpBqmPAQgDda2Pw==
  dependencies:
    anymatch "~3.1.2"
    braces "~3.0.2"
    glob-parent "~5.1.2"
    is-binary-path "~2.1.0"
    is-glob "~4.0.1"
    normalize-path "~3.0.0"
    readdirp "~3.6.0"
  optionalDependencies:
    fsevents "~2.3.2"

client-only@0.0.1:
  version "0.0.1"
  resolved "https://registry.yarnpkg.com/client-only/-/client-only-0.0.1.tgz#38bba5d403c41ab150bff64a95c85013cf73bca1"
  integrity sha512-IV3Ou0jSMzZrd3pZ48nLkT9DA7Ag1pnPzaiQhpW7c3RbcqqzvzzVu+L8gfqMp/8IM2MQtSiqaCxrrcfu8I8rMA==

concat-map@0.0.1:
  version "0.0.1"
  resolved "https://registry.yarnpkg.com/concat-map/-/concat-map-0.0.1.tgz#d8a96bd77fd68df7793a73036a3ba0d5405d477b"
  integrity sha512-/Srv4dswyQNBfohGpz9o6Yb3Gz3SrUDqBH5rTuhGR7ahtlbYKnVxw2bCFMRljaA7EXHaXZ8wsHdodFvbkhKmqg==

css-color-keywords@^1.0.0:
  version "1.0.0"
  resolved "https://registry.yarnpkg.com/css-color-keywords/-/css-color-keywords-1.0.0.tgz#fea2616dc676b2962686b3af8dbdbe180b244e05"
  integrity sha512-FyyrDHZKEjXDpNJYvVsV960FiqQyXc/LlYmsxl2BcdMb2WPx0OGRVgTg55rPSyLSNMqP52R9r8geSp7apN3Ofg==

css-to-react-native@3.2.0:
  version "3.2.0"
  resolved "https://registry.yarnpkg.com/css-to-react-native/-/css-to-react-native-3.2.0.tgz#cdd8099f71024e149e4f6fe17a7d46ecd55f1e32"
  integrity sha512-e8RKaLXMOFii+02mOlqwjbD00KSEKqblnpO9e++1aXS1fPQOpS1YoqdVHBqPjHNoxeF2mimzVqawm2KCbEdtHQ==
  dependencies:
    camelize "^1.0.0"
    css-color-keywords "^1.0.0"
    postcss-value-parser "^4.0.2"

csstype@3.1.2:
  version "3.1.2"
  resolved "https://registry.yarnpkg.com/csstype/-/csstype-3.1.2.tgz#1d4bf9d572f11c14031f0436e1c10bc1f571f50b"
  integrity sha512-I7K1Uu0MBPzaFKg4nI5Q7Vs2t+3gWWW648spaF+Rg7pI9ds18Ugn+lvg4SHczUdKlHI5LWBXyqfS8+DufyBsgQ==

csstype@^3.0.2:
  version "3.1.3"
  resolved "https://registry.yarnpkg.com/csstype/-/csstype-3.1.3.tgz#d80ff294d114fb0e6ac500fbf85b60137d7eff81"
  integrity sha512-M1uQkMl8rQK/szD0LNhtqxIPLpimGm8sOBwU7lLnCpSbTyY3yeU1Vc7l4KT5zT4s/yOxHH5O7tIuuLOCnLADRw==

debug@^3.2.7:
  version "3.2.7"
  resolved "https://registry.yarnpkg.com/debug/-/debug-3.2.7.tgz#72580b7e9145fb39b6676f9c5e5fb100b934179a"
  integrity sha512-CFjzYYAi4ThfiQvizrFQevTTXHtnCqWfe7x1AhgEscTz6ZbLbfoLRLPugTQyBth6f8ZERVUSyWHFD/7Wu4t1XQ==
  dependencies:
    ms "^2.1.1"

drunkmode-puzzles@^0.1.13-c:
  version "0.1.13-c"
  resolved "https://registry.yarnpkg.com/drunkmode-puzzles/-/drunkmode-puzzles-0.1.13-c.tgz#b8be298b9b9d086efb7794f860f945a161b882c9"
  integrity sha512-1k0YdWZR0LtJh7vRhmO6Naagteg3TYhwRsjJFsWX2qcuBUNm8pm3Y2GwsJXDNG+gGpdJ2zO7TWW8/M8+poJksA==

esbuild@~0.19.10:
  version "0.19.12"
  resolved "https://registry.yarnpkg.com/esbuild/-/esbuild-0.19.12.tgz#dc82ee5dc79e82f5a5c3b4323a2a641827db3e04"
  integrity sha512-aARqgq8roFBj054KvQr5f1sFu0D65G+miZRCuJyJ0G13Zwx7vRar5Zhn2tkQNzIXcBrNVsv/8stehpj+GAjgbg==
  optionalDependencies:
    "@esbuild/aix-ppc64" "0.19.12"
    "@esbuild/android-arm" "0.19.12"
    "@esbuild/android-arm64" "0.19.12"
    "@esbuild/android-x64" "0.19.12"
    "@esbuild/darwin-arm64" "0.19.12"
    "@esbuild/darwin-x64" "0.19.12"
    "@esbuild/freebsd-arm64" "0.19.12"
    "@esbuild/freebsd-x64" "0.19.12"
    "@esbuild/linux-arm" "0.19.12"
    "@esbuild/linux-arm64" "0.19.12"
    "@esbuild/linux-ia32" "0.19.12"
    "@esbuild/linux-loong64" "0.19.12"
    "@esbuild/linux-mips64el" "0.19.12"
    "@esbuild/linux-ppc64" "0.19.12"
    "@esbuild/linux-riscv64" "0.19.12"
    "@esbuild/linux-s390x" "0.19.12"
    "@esbuild/linux-x64" "0.19.12"
    "@esbuild/netbsd-x64" "0.19.12"
    "@esbuild/openbsd-x64" "0.19.12"
    "@esbuild/sunos-x64" "0.19.12"
    "@esbuild/win32-arm64" "0.19.12"
    "@esbuild/win32-ia32" "0.19.12"
    "@esbuild/win32-x64" "0.19.12"

fill-range@^7.0.1:
  version "7.0.1"
  resolved "https://registry.yarnpkg.com/fill-range/-/fill-range-7.0.1.tgz#1919a6a7c75fe38b2c7c77e5198535da9acdda40"
  integrity sha512-qOo9F+dMUmC2Lcb4BbVvnKJxTPjCm+RRpe4gDuGrzkL7mEVl/djYSu2OdQ2Pa302N4oqkSg9ir6jaLWJ2USVpQ==
  dependencies:
    to-regex-range "^5.0.1"

fsevents@~2.3.2, fsevents@~2.3.3:
  version "2.3.3"
  resolved "https://registry.yarnpkg.com/fsevents/-/fsevents-2.3.3.tgz#cac6407785d03675a2a5e1a5305c697b347d90d6"
  integrity sha512-5xoDfX+fL7faATnagmWPpbFtwh/R77WmMMqqHGS65C3vvB0YHrgF+B1YmZ3441tMj5n63k0212XNoJwzlhffQw==

get-tsconfig@^4.7.2:
  version "4.7.3"
  resolved "https://registry.yarnpkg.com/get-tsconfig/-/get-tsconfig-4.7.3.tgz#0498163d98f7b58484dd4906999c0c9d5f103f83"
  integrity sha512-ZvkrzoUA0PQZM6fy6+/Hce561s+faD1rsNwhnO5FelNjyy7EMGJ3Rz1AQ8GYDWjhRs/7dBLOEJvhK8MiEJOAFg==
  dependencies:
    resolve-pkg-maps "^1.0.0"

glob-parent@~5.1.2:
  version "5.1.2"
  resolved "https://registry.yarnpkg.com/glob-parent/-/glob-parent-5.1.2.tgz#869832c58034fe68a4093c17dc15e8340d8401c4"
  integrity sha512-AOIgSQCepiJYwP3ARnGx+5VnTu2HBYdzbGP45eLw1vr3zB3vZLeyed1sC9hnbcOc9/SrMyM5RPQrkGz4aS9Zow==
  dependencies:
    is-glob "^4.0.1"

glob-to-regexp@^0.4.1:
  version "0.4.1"
  resolved "https://registry.yarnpkg.com/glob-to-regexp/-/glob-to-regexp-0.4.1.tgz#c75297087c851b9a578bd217dd59a92f59fe546e"
  integrity sha512-lkX1HJXwyMcprw/5YUZc2s7DrpAiHB21/V+E1rHUrVNokkvB6bqMzT0VfV6/86ZNabt1k14YOIaT7nDvOX3Iiw==

graceful-fs@^4.1.2, graceful-fs@^4.2.11:
  version "4.2.11"
  resolved "https://registry.yarnpkg.com/graceful-fs/-/graceful-fs-4.2.11.tgz#4183e4e8bf08bb6e05bbb2f7d2e0c8f712ca40e3"
  integrity sha512-RbJ5/jmFcNNCcDV5o9eTnBLJ/HszWV0P73bc+Ff4nS/rJj+YaS6IGyiOL0VoBYX+l1Wrl3k63h/KrH+nhJ0XvQ==

has-flag@^3.0.0:
  version "3.0.0"
  resolved "https://registry.yarnpkg.com/has-flag/-/has-flag-3.0.0.tgz#b5d454dc2199ae225699f3467e5a07f3b955bafd"
  integrity sha512-sKJf1+ceQBr4SMkvQnBDNDtf4TXpVhVGateu0t918bl30FnbE2m4vNLX+VWe/dpjlb+HugGYzW7uQXH98HPEYw==

ignore-by-default@^1.0.1:
  version "1.0.1"
  resolved "https://registry.yarnpkg.com/ignore-by-default/-/ignore-by-default-1.0.1.tgz#48ca6d72f6c6a3af00a9ad4ae6876be3889e2b09"
  integrity sha512-Ius2VYcGNk7T90CppJqcIkS5ooHUZyIQK+ClZfMfMNFEF9VSE73Fq+906u/CWu92x4gzZMWOwfFYckPObzdEbA==

is-binary-path@~2.1.0:
  version "2.1.0"
  resolved "https://registry.yarnpkg.com/is-binary-path/-/is-binary-path-2.1.0.tgz#ea1f7f3b80f064236e83470f86c09c254fb45b09"
  integrity sha512-ZMERYes6pDydyuGidse7OsHxtbI7WVeUEozgR/g7rd0xUimYNlvZRE/K2MgZTjWy725IfelLeVcEM97mmtRGXw==
  dependencies:
    binary-extensions "^2.0.0"

is-extglob@^2.1.1:
  version "2.1.1"
  resolved "https://registry.yarnpkg.com/is-extglob/-/is-extglob-2.1.1.tgz#a88c02535791f02ed37c76a1b9ea9773c833f8c2"
  integrity sha512-SbKbANkN603Vi4jEZv49LeVJMn4yGwsbzZworEoyEiutsN3nJYdbO36zfhGJ6QEDpOZIFkDtnq5JRxmvl3jsoQ==

is-glob@^4.0.1, is-glob@~4.0.1:
  version "4.0.3"
  resolved "https://registry.yarnpkg.com/is-glob/-/is-glob-4.0.3.tgz#64f61e42cbbb2eec2071a9dac0b28ba1e65d5084"
  integrity sha512-xelSayHH36ZgE7ZWhli7pW34hNbNl8Ojv5KVmkJD4hBdD3th8Tfk9vYasLM+mXWOZhFkgZfxhLSnrwRr4elSSg==
  dependencies:
    is-extglob "^2.1.1"

is-number@^7.0.0:
  version "7.0.0"
  resolved "https://registry.yarnpkg.com/is-number/-/is-number-7.0.0.tgz#7535345b896734d5f80c4d06c50955527a14f12b"
  integrity sha512-41Cifkg6e8TylSpdtTpeLVMqvSBEVzTttHvERD741+pnZ8ANv0004MRL43QKPDlK9cGvNp6NZWZUBlbGXYxxng==

"js-tokens@^3.0.0 || ^4.0.0":
  version "4.0.0"
  resolved "https://registry.yarnpkg.com/js-tokens/-/js-tokens-4.0.0.tgz#19203fb59991df98e3a287050d4647cdeaf32499"
  integrity sha512-RdJUflcE3cUzKiMqQgsCu06FPu9UdIJO0beYbPhHN4k6apgJtifcoCtT9bcxOpYBtpD2kCM6Sbzg4CausW/PKQ==

loose-envify@^1.1.0:
  version "1.4.0"
  resolved "https://registry.yarnpkg.com/loose-envify/-/loose-envify-1.4.0.tgz#71ee51fa7be4caec1a63839f7e682d8132d30caf"
  integrity sha512-lyuxPGr/Wfhrlem2CL/UcnUc1zcqKAImBDzukY7Y5F/yQiNdko6+fRLevlw1HgMySw7f611UIY408EtxRSoK3Q==
  dependencies:
    js-tokens "^3.0.0 || ^4.0.0"

minimatch@^3.1.2:
  version "3.1.2"
  resolved "https://registry.yarnpkg.com/minimatch/-/minimatch-3.1.2.tgz#19cd194bfd3e428f049a70817c038d89ab4be35b"
  integrity sha512-J7p63hRiAjw1NDEww1W7i37+ByIrOWO5XQQAzZ3VOcL0PNybwpfmV/N05zFAzwQ9USyEcX6t3UO+K5aqBQOIHw==
  dependencies:
    brace-expansion "^1.1.7"

ms@^2.1.1:
  version "2.1.3"
  resolved "https://registry.yarnpkg.com/ms/-/ms-2.1.3.tgz#574c8138ce1d2b5861f0b44579dbadd60c6615b2"
  integrity sha512-6FlzubTLZG3J2a/NVCAleEhjzq5oxgHyaCU9yYXvcLsvoVaHJq/s5xXI6/XXP6tz7R9xAOtHnSO/tXtF3WRTlA==

nanoid@^3.3.6:
  version "3.3.7"
  resolved "https://registry.yarnpkg.com/nanoid/-/nanoid-3.3.7.tgz#d0c301a691bc8d54efa0a2226ccf3fe2fd656bd8"
  integrity sha512-eSRppjcPIatRIMC1U6UngP8XFcz8MQWGQdt1MTBQ7NaAmvXDfvNxbvWV3x2y6CdEUciCSsDHDQZbhYaB8QEo2g==

next@*:
  version "14.1.4"
  resolved "https://registry.yarnpkg.com/next/-/next-14.1.4.tgz#203310f7310578563fd5c961f0db4729ce7a502d"
  integrity sha512-1WTaXeSrUwlz/XcnhGTY7+8eiaFvdet5z9u3V2jb+Ek1vFo0VhHKSAIJvDWfQpttWjnyw14kBeq28TPq7bTeEQ==
  dependencies:
    "@next/env" "14.1.4"
    "@swc/helpers" "0.5.2"
    busboy "1.6.0"
    caniuse-lite "^1.0.30001579"
    graceful-fs "^4.2.11"
    postcss "8.4.31"
    styled-jsx "5.1.1"
  optionalDependencies:
    "@next/swc-darwin-arm64" "14.1.4"
    "@next/swc-darwin-x64" "14.1.4"
    "@next/swc-linux-arm64-gnu" "14.1.4"
    "@next/swc-linux-arm64-musl" "14.1.4"
    "@next/swc-linux-x64-gnu" "14.1.4"
    "@next/swc-linux-x64-musl" "14.1.4"
    "@next/swc-win32-arm64-msvc" "14.1.4"
    "@next/swc-win32-ia32-msvc" "14.1.4"
    "@next/swc-win32-x64-msvc" "14.1.4"

next@^13.4.9:
  version "13.5.6"
  resolved "https://registry.yarnpkg.com/next/-/next-13.5.6.tgz#e964b5853272236c37ce0dd2c68302973cf010b1"
  integrity sha512-Y2wTcTbO4WwEsVb4A8VSnOsG1I9ok+h74q0ZdxkwM3EODqrs4pasq7O0iUxbcS9VtWMicG7f3+HAj0r1+NtKSw==
  dependencies:
    "@next/env" "13.5.6"
    "@swc/helpers" "0.5.2"
    busboy "1.6.0"
    caniuse-lite "^1.0.30001406"
    postcss "8.4.31"
    styled-jsx "5.1.1"
    watchpack "2.4.0"
  optionalDependencies:
    "@next/swc-darwin-arm64" "13.5.6"
    "@next/swc-darwin-x64" "13.5.6"
    "@next/swc-linux-arm64-gnu" "13.5.6"
    "@next/swc-linux-arm64-musl" "13.5.6"
    "@next/swc-linux-x64-gnu" "13.5.6"
    "@next/swc-linux-x64-musl" "13.5.6"
    "@next/swc-win32-arm64-msvc" "13.5.6"
    "@next/swc-win32-ia32-msvc" "13.5.6"
    "@next/swc-win32-x64-msvc" "13.5.6"

nodemon@^2.0.21:
  version "2.0.22"
  resolved "https://registry.yarnpkg.com/nodemon/-/nodemon-2.0.22.tgz#182c45c3a78da486f673d6c1702e00728daf5258"
  integrity sha512-B8YqaKMmyuCO7BowF1Z1/mkPqLk6cs/l63Ojtd6otKjMx47Dq1utxfRxcavH1I7VSaL8n5BUaoutadnsX3AAVQ==
  dependencies:
    chokidar "^3.5.2"
    debug "^3.2.7"
    ignore-by-default "^1.0.1"
    minimatch "^3.1.2"
    pstree.remy "^1.1.8"
    semver "^5.7.1"
    simple-update-notifier "^1.0.7"
    supports-color "^5.5.0"
    touch "^3.1.0"
    undefsafe "^2.0.5"

nopt@~1.0.10:
  version "1.0.10"
  resolved "https://registry.yarnpkg.com/nopt/-/nopt-1.0.10.tgz#6ddd21bd2a31417b92727dd585f8a6f37608ebee"
  integrity sha512-NWmpvLSqUrgrAC9HCuxEvb+PSloHpqVu+FqcO4eeF2h5qYRhA7ev6KvelyQAKtegUbC6RypJnlEOhd8vloNKYg==
  dependencies:
    abbrev "1"

normalize-path@^3.0.0, normalize-path@~3.0.0:
  version "3.0.0"
  resolved "https://registry.yarnpkg.com/normalize-path/-/normalize-path-3.0.0.tgz#0dcd69ff23a1c9b11fd0978316644a0388216a65"
  integrity sha512-6eZs5Ls3WtCisHWp9S2GUy8dqkpGi4BVSz3GaqiE6ezub0512ESztXUwUB6C6IKbQkY2Pnb/mD4WYojCRwcwLA==

picocolors@^1.0.0:
  version "1.0.0"
  resolved "https://registry.yarnpkg.com/picocolors/-/picocolors-1.0.0.tgz#cb5bdc74ff3f51892236eaf79d68bc44564ab81c"
  integrity sha512-1fygroTLlHu66zi26VoTDv8yRgm0Fccecssto+MhsZ0D/DGW2sm8E8AjW7NU5VVTRt5GxbeZ5qBuJr+HyLYkjQ==

picomatch@^2.0.4, picomatch@^2.2.1:
  version "2.3.1"
  resolved "https://registry.yarnpkg.com/picomatch/-/picomatch-2.3.1.tgz#3ba3833733646d9d3e4995946c1365a67fb07a42"
  integrity sha512-JU3teHTNjmE2VCGFzuY8EXzCDVwEqB2a8fsIvwaStHhAWJEeVd1o1QD80CU6+ZdEXXSLbSsuLwJjkCBWqRQUVA==

postcss-value-parser@^4.0.2:
  version "4.2.0"
  resolved "https://registry.yarnpkg.com/postcss-value-parser/-/postcss-value-parser-4.2.0.tgz#723c09920836ba6d3e5af019f92bc0971c02e514"
  integrity sha512-1NNCs6uurfkVbeXG4S8JFT9t19m45ICnif8zWLd5oPSZ50QnwMfK+H3jv408d4jw/7Bttv5axS5IiHoLaVNHeQ==

postcss@8.4.31:
  version "8.4.31"
  resolved "https://registry.yarnpkg.com/postcss/-/postcss-8.4.31.tgz#92b451050a9f914da6755af352bdc0192508656d"
  integrity sha512-PS08Iboia9mts/2ygV3eLpY5ghnUcfLV/EXTOW1E2qYxJKGGBUtNjN76FYHnMs36RmARn41bC0AZmn+rR0OVpQ==
  dependencies:
    nanoid "^3.3.6"
    picocolors "^1.0.0"
    source-map-js "^1.0.2"

pstree.remy@^1.1.8:
  version "1.1.8"
  resolved "https://registry.yarnpkg.com/pstree.remy/-/pstree.remy-1.1.8.tgz#c242224f4a67c21f686839bbdb4ac282b8373d3a"
  integrity sha512-77DZwxQmxKnu3aR542U+X8FypNzbfJ+C5XQDk3uWjWxn6151aIMGthWYRXTqT1E5oJvg+ljaa2OJi+VfvCOQ8w==

react-dom@^18.2.0:
  version "18.2.0"
  resolved "https://registry.yarnpkg.com/react-dom/-/react-dom-18.2.0.tgz#22aaf38708db2674ed9ada224ca4aa708d821e3d"
  integrity sha512-6IMTriUmvsjHUjNtEDudZfuDQUoWXVxKHhlEGSk81n4YFS+r/Kl99wXiwlVXtPBtJenozv2P+hxDsw9eA7Xo6g==
  dependencies:
    loose-envify "^1.1.0"
    scheduler "^0.23.0"

react@^18.2.0:
  version "18.2.0"
  resolved "https://registry.yarnpkg.com/react/-/react-18.2.0.tgz#555bd98592883255fa00de14f1151a917b5d77d5"
  integrity sha512-/3IjMdb2L9QbBdWiW5e3P2/npwMBaU9mHCSCUzNln0ZCYbcfTsGbTJrU/kGemdH2IWmB2ioZ+zkxtmq6g09fGQ==
  dependencies:
    loose-envify "^1.1.0"

readdirp@~3.6.0:
  version "3.6.0"
  resolved "https://registry.yarnpkg.com/readdirp/-/readdirp-3.6.0.tgz#74a370bd857116e245b29cc97340cd431a02a6c7"
  integrity sha512-hOS089on8RduqdbhvQ5Z37A0ESjsqz6qnRcffsMU3495FuTdqSm+7bhJ29JvIOsBDEEnan5DPu9t3To9VRlMzA==
  dependencies:
    picomatch "^2.2.1"

resolve-pkg-maps@^1.0.0:
  version "1.0.0"
  resolved "https://registry.yarnpkg.com/resolve-pkg-maps/-/resolve-pkg-maps-1.0.0.tgz#616b3dc2c57056b5588c31cdf4b3d64db133720f"
  integrity sha512-seS2Tj26TBVOC2NIc2rOe2y2ZO7efxITtLZcGSOnHHNOQ7CkiUBfw0Iw2ck6xkIhPwLhKNLS8BO+hEpngQlqzw==

scheduler@^0.23.0:
  version "0.23.0"
  resolved "https://registry.yarnpkg.com/scheduler/-/scheduler-0.23.0.tgz#ba8041afc3d30eb206a487b6b384002e4e61fdfe"
  integrity sha512-CtuThmgHNg7zIZWAXi3AsyIzA3n4xx7aNyjwC2VJldO2LMVDhFK+63xGqq6CsJH4rTAt6/M+N4GhZiDYPx9eUw==
  dependencies:
    loose-envify "^1.1.0"

semver@^5.7.1:
  version "5.7.2"
  resolved "https://registry.yarnpkg.com/semver/-/semver-5.7.2.tgz#48d55db737c3287cd4835e17fa13feace1c41ef8"
  integrity sha512-cBznnQ9KjJqU67B52RMC65CMarK2600WFnbkcaiwWq3xy/5haFJlshgnpjovMVJ+Hff49d8GEn0b87C5pDQ10g==

semver@~7.0.0:
  version "7.0.0"
  resolved "https://registry.yarnpkg.com/semver/-/semver-7.0.0.tgz#5f3ca35761e47e05b206c6daff2cf814f0316b8e"
  integrity sha512-+GB6zVA9LWh6zovYQLALHwv5rb2PHGlJi3lfiqIHxR0uuwCgefcOJc59v9fv1w8GbStwxuuqqAjI9NMAOOgq1A==

shallowequal@1.1.0:
  version "1.1.0"
  resolved "https://registry.yarnpkg.com/shallowequal/-/shallowequal-1.1.0.tgz#188d521de95b9087404fd4dcb68b13df0ae4e7f8"
  integrity sha512-y0m1JoUZSlPAjXVtPPW70aZWfIL/dSP7AFkRnniLCrK/8MDKog3TySTBmckD+RObVxH0v4Tox67+F14PdED2oQ==

simple-update-notifier@^1.0.7:
  version "1.1.0"
  resolved "https://registry.yarnpkg.com/simple-update-notifier/-/simple-update-notifier-1.1.0.tgz#67694c121de354af592b347cdba798463ed49c82"
  integrity sha512-VpsrsJSUcJEseSbMHkrsrAVSdvVS5I96Qo1QAQ4FxQ9wXFcB+pjj7FB7/us9+GcgfW4ziHtYMc1J0PLczb55mg==
  dependencies:
    semver "~7.0.0"

source-map-js@^1.0.2:
  version "1.2.0"
  resolved "https://registry.yarnpkg.com/source-map-js/-/source-map-js-1.2.0.tgz#16b809c162517b5b8c3e7dcd315a2a5c2612b2af"
  integrity sha512-itJW8lvSA0TXEphiRoawsCksnlf8SyvmFzIhltqAHluXd88pkCd+cXJVHTDwdCr0IzwptSm035IHQktUu1QUMg==

streamsearch@^1.1.0:
  version "1.1.0"
  resolved "https://registry.yarnpkg.com/streamsearch/-/streamsearch-1.1.0.tgz#404dd1e2247ca94af554e841a8ef0eaa238da764"
  integrity sha512-Mcc5wHehp9aXz1ax6bZUyY5afg9u2rv5cqQI3mRrYkGC8rW2hM02jWuwjtL++LS5qinSyhj2QfLyNsuc+VsExg==

styled-components@^6.1.8:
  version "6.1.8"
  resolved "https://registry.yarnpkg.com/styled-components/-/styled-components-6.1.8.tgz#c109d36aeea52d8f049e12de2f3be39a6fc86201"
  integrity sha512-PQ6Dn+QxlWyEGCKDS71NGsXoVLKfE1c3vApkvDYS5KAK+V8fNWGhbSUEo9Gg2iaID2tjLXegEW3bZDUGpofRWw==
  dependencies:
    "@emotion/is-prop-valid" "1.2.1"
    "@emotion/unitless" "0.8.0"
    "@types/stylis" "4.2.0"
    css-to-react-native "3.2.0"
    csstype "3.1.2"
    postcss "8.4.31"
    shallowequal "1.1.0"
    stylis "4.3.1"
    tslib "2.5.0"

styled-jsx@5.1.1:
  version "5.1.1"
  resolved "https://registry.yarnpkg.com/styled-jsx/-/styled-jsx-5.1.1.tgz#839a1c3aaacc4e735fed0781b8619ea5d0009d1f"
  integrity sha512-pW7uC1l4mBZ8ugbiZrcIsiIvVx1UmTfw7UkC3Um2tmfUq9Bhk8IiyEIPl6F8agHgjzku6j0xQEZbfA5uSgSaCw==
  dependencies:
    client-only "0.0.1"

stylis@4.3.1:
  version "4.3.1"
  resolved "https://registry.yarnpkg.com/stylis/-/stylis-4.3.1.tgz#ed8a9ebf9f76fe1e12d462f5cc3c4c980b23a7eb"
  integrity sha512-EQepAV+wMsIaGVGX1RECzgrcqRRU/0sYOHkeLsZ3fzHaHXZy4DaOOX0vOlGQdlsjkh3mFHAIlVimpwAs4dslyQ==

supports-color@^5.5.0:
  version "5.5.0"
  resolved "https://registry.yarnpkg.com/supports-color/-/supports-color-5.5.0.tgz#e2e69a44ac8772f78a1ec0b35b689df6530efc8f"
  integrity sha512-QjVjwdXIt408MIiAqCX4oUKsgU2EqAGzs2Ppkm4aQYbjm+ZEWEcW4SfFNTr4uMNZma0ey4f5lgLrkB0aX0QMow==
  dependencies:
    has-flag "^3.0.0"

to-regex-range@^5.0.1:
  version "5.0.1"
  resolved "https://registry.yarnpkg.com/to-regex-range/-/to-regex-range-5.0.1.tgz#1648c44aae7c8d988a326018ed72f5b4dd0392e4"
  integrity sha512-65P7iz6X5yEr1cwcgvQxbbIw7Uk3gOy5dIdtZ4rDveLqhrdJP+Li/Hx6tyK0NEb+2GCyneCMJiGqrADCSNk8sQ==
  dependencies:
    is-number "^7.0.0"

touch@^3.1.0:
  version "3.1.0"
  resolved "https://registry.yarnpkg.com/touch/-/touch-3.1.0.tgz#fe365f5f75ec9ed4e56825e0bb76d24ab74af83b"
  integrity sha512-WBx8Uy5TLtOSRtIq+M03/sKDrXCLHxwDcquSP2c43Le03/9serjQBIztjRz6FkJez9D/hleyAXTBGLwwZUw9lA==
  dependencies:
    nopt "~1.0.10"

tslib@2.5.0:
  version "2.5.0"
  resolved "https://registry.yarnpkg.com/tslib/-/tslib-2.5.0.tgz#42bfed86f5787aeb41d031866c8f402429e0fddf"
  integrity sha512-336iVw3rtn2BUK7ORdIAHTyxHGRIHVReokCR3XjbckJMK7ms8FysBfhLR8IXnAgy7T0PTPNBWKiH514FOW/WSg==

tslib@^2.4.0:
  version "2.6.2"
  resolved "https://registry.yarnpkg.com/tslib/-/tslib-2.6.2.tgz#703ac29425e7b37cd6fd456e92404d46d1f3e4ae"
  integrity sha512-AEYxH93jGFPn/a2iVAwW87VuUIkR1FVUKB77NwMF7nBTDkDrrT/Hpt/IrCJ0QXhW27jTBDcf5ZY7w6RiqTMw2Q==

tsx@^4.7.1:
  version "4.7.1"
  resolved "https://registry.yarnpkg.com/tsx/-/tsx-4.7.1.tgz#27af6cbf4e1cdfcb9b5425b1c61bb7e668eb5e84"
  integrity sha512-8d6VuibXHtlN5E3zFkgY8u4DX7Y3Z27zvvPKVmLon/D4AjuKzarkUBTLDBgj9iTQ0hg5xM7c/mYiRVM+HETf0g==
  dependencies:
    esbuild "~0.19.10"
    get-tsconfig "^4.7.2"
  optionalDependencies:
    fsevents "~2.3.3"

undefsafe@^2.0.5:
  version "2.0.5"
  resolved "https://registry.yarnpkg.com/undefsafe/-/undefsafe-2.0.5.tgz#38733b9327bdcd226db889fb723a6efd162e6e2c"
  integrity sha512-WxONCrssBM8TSPRqN5EmsjVrsv4A8X12J4ArBiiayv3DyyG3ZlIg6yysuuSYdZsVz3TKcTg2fd//Ujd4CHV1iA==

undici-types@~5.26.4:
  version "5.26.5"
  resolved "https://registry.yarnpkg.com/undici-types/-/undici-types-5.26.5.tgz#bcd539893d00b56e964fd2657a4866b221a65617"
  integrity sha512-JlCMO+ehdEIKqlFxk6IfVoAUVmgz7cU7zD/h9XZ0qzeosSHmUJVOzSQvvYSYWXkFXC+IfLKSIffhv0sVZup6pA==

watchpack@2.4.0:
  version "2.4.0"
  resolved "https://registry.yarnpkg.com/watchpack/-/watchpack-2.4.0.tgz#fa33032374962c78113f93c7f2fb4c54c9862a5d"
  integrity sha512-Lcvm7MGST/4fup+ifyKi2hjyIAwcdI4HRgtvTpIUxBRhB+RFtUh8XtDOxUfctVCnhVi+QQj49i91OyvzkJl6cg==
  dependencies:
    glob-to-regexp "^0.4.1"
    graceful-fs "^4.1.2"

web-vitals@^2.1.4:
  version "2.1.4"
  resolved "https://registry.yarnpkg.com/web-vitals/-/web-vitals-2.1.4.tgz#76563175a475a5e835264d373704f9dde718290c"
  integrity sha512-sVWcwhU5mX6crfI5Vd2dC4qchyTqxV8URinzt25XqVh+bHEPGH4C3NPrNionCP7Obx59wrYEbNlw4Z8sjALzZg==
